
Microsoft Visual Studio Solution File, Format Version 12.00
# Visual Studio Version 17
VisualStudioVersion = 17.0.31903.59
MinimumVisualStudioVersion = 10.0.40219.1
Project("{FAE04EC0-301F-11D3-BF4B-00C04F79EFBC}") = "ClientelleAPI", "ClientelleAPI\ClientelleAPI.csproj", "{56088E97-4560-4E55-A866-2E19BD3ACB26}"
EndProject
Project("{2150E333-8FDC-42A3-9474-1A3956D46DE8}") = "Solution Items", "Solution Items", "{E90631B5-3470-4576-B3B3-909537FFFEDD}"
	ProjectSection(SolutionItems) = preProject
		.editorconfig = .editorconfig
	EndProjectSection
EndProject
Global
	GlobalSection(SolutionConfigurationPlatforms) = preSolution
		Debug|Any CPU = Debug|Any CPU
		Release|Any CPU = Release|Any CPU
	EndGlobalSection
	GlobalSection(ProjectConfigurationPlatforms) = postSolution
		{56088E97-4560-4E55-A866-2E19BD3ACB26}.Debug|Any CPU.ActiveCfg = Debug|Any CPU
		{56088E97-4560-4E55-A866-2E19BD3ACB26}.Debug|Any CPU.Build.0 = Debug|Any CPU
		{56088E97-4560-4E55-A866-2E19BD3ACB26}.Release|Any CPU.ActiveCfg = Release|Any CPU
		{56088E97-4560-4E55-A866-2E19BD3ACB26}.Release|Any CPU.Build.0 = Release|Any CPU
	EndGlobalSection
	GlobalSection(SolutionProperties) = preSolution
		HideSolutionNode = FALSE
	EndGlobalSection
	GlobalSection(ExtensibilityGlobals) = postSolution
		SolutionGuid = {D6603782-AFB8-429B-B01A-9EB37272EB31}
	EndGlobalSection
EndGlobal
